<?xml version="1.0" encoding="UTF-8"?>
<CodeBlocks_project_file>
	<FileVersion major="1" minor="6"/>
	<Project>
		<Option title="LJUS"/>
		<Option makefile_is_custom="1"/>
		<Option compiler="gcc"/>
		<Option virtualFolders="CMake Files\;"/>
		<Build>
			<Target title="all">
				<Option working_dir="/home/erik/Documents/ljus"/>
				<Option type="4"/>
				<MakeCommands>
					<Build command="/usr/bin/make -j5 -f &quot;/home/erik/Documents/ljus/Makefile&quot;  VERBOSE=1 all"/>
					<CompileFile command="/usr/bin/make -j5 -f &quot;/home/erik/Documents/ljus/Makefile&quot;  VERBOSE=1 &quot;$file&quot;"/>
					<Clean command="/usr/bin/make -j5 -f &quot;/home/erik/Documents/ljus/Makefile&quot;  VERBOSE=1 clean"/>
					<DistClean command="/usr/bin/make -j5 -f &quot;/home/erik/Documents/ljus/Makefile&quot;  VERBOSE=1 clean"/>
				</MakeCommands>
			</Target>
			<Target title="rebuild_cache">
				<Option working_dir="/home/erik/Documents/ljus"/>
				<Option type="4"/>
				<MakeCommands>
					<Build command="/usr/bin/make -j5 -f &quot;/home/erik/Documents/ljus/Makefile&quot;  VERBOSE=1 rebuild_cache"/>
					<CompileFile command="/usr/bin/make -j5 -f &quot;/home/erik/Documents/ljus/Makefile&quot;  VERBOSE=1 &quot;$file&quot;"/>
					<Clean command="/usr/bin/make -j5 -f &quot;/home/erik/Documents/ljus/Makefile&quot;  VERBOSE=1 clean"/>
					<DistClean command="/usr/bin/make -j5 -f &quot;/home/erik/Documents/ljus/Makefile&quot;  VERBOSE=1 clean"/>
				</MakeCommands>
			</Target>
			<Target title="edit_cache">
				<Option working_dir="/home/erik/Documents/ljus"/>
				<Option type="4"/>
				<MakeCommands>
					<Build command="/usr/bin/make -j5 -f &quot;/home/erik/Documents/ljus/Makefile&quot;  VERBOSE=1 edit_cache"/>
					<CompileFile command="/usr/bin/make -j5 -f &quot;/home/erik/Documents/ljus/Makefile&quot;  VERBOSE=1 &quot;$file&quot;"/>
					<Clean command="/usr/bin/make -j5 -f &quot;/home/erik/Documents/ljus/Makefile&quot;  VERBOSE=1 clean"/>
					<DistClean command="/usr/bin/make -j5 -f &quot;/home/erik/Documents/ljus/Makefile&quot;  VERBOSE=1 clean"/>
				</MakeCommands>
			</Target>
			<Target title="sodiumfuzz">
				<Option output="/home/erik/Documents/ljus/sodiumfuzz" prefix_auto="0" extension_auto="0"/>
				<Option working_dir="/home/erik/Documents/ljus"/>
				<Option object_output="./"/>
				<Option type="1"/>
				<Option compiler="gcc"/>
				<Compiler>
					<Add directory="/home/erik/Documents/ljus/ljus"/>
					<Add directory="/home/erik/Documents/ljus/app"/>
					<Add directory="/home/erik/Documents/ljus/tests"/>
					<Add directory="/home/erik/Documents/ljus/external/pistache/include"/>
					<Add directory="/home/erik/Documents/ljus/external/argon2/include"/>
					<Add directory="/home/erik/Documents/ljus/external/json/src"/>
					<Add directory="/home/erik/Documents/ljus/other"/>
					<Add directory="/home/erik/Documents/ljus/external/argon2/src"/>
					<Add directory="/usr/include/c++/5"/>
					<Add directory="/usr/include/x86_64-linux-gnu/c++/5"/>
					<Add directory="/usr/include/c++/5/backward"/>
					<Add directory="/usr/lib/gcc/x86_64-linux-gnu/5/include"/>
					<Add directory="/usr/local/include"/>
					<Add directory="/usr/lib/gcc/x86_64-linux-gnu/5/include-fixed"/>
					<Add directory="/usr/include/x86_64-linux-gnu"/>
					<Add directory="/usr/include"/>
				</Compiler>
				<MakeCommands>
					<Build command="/usr/bin/make -j5 -f &quot;/home/erik/Documents/ljus/Makefile&quot;  VERBOSE=1 sodiumfuzz"/>
					<CompileFile command="/usr/bin/make -j5 -f &quot;/home/erik/Documents/ljus/Makefile&quot;  VERBOSE=1 &quot;$file&quot;"/>
					<Clean command="/usr/bin/make -j5 -f &quot;/home/erik/Documents/ljus/Makefile&quot;  VERBOSE=1 clean"/>
					<DistClean command="/usr/bin/make -j5 -f &quot;/home/erik/Documents/ljus/Makefile&quot;  VERBOSE=1 clean"/>
				</MakeCommands>
			</Target>
			<Target title="sodiumfuzz/fast">
				<Option output="/home/erik/Documents/ljus/sodiumfuzz" prefix_auto="0" extension_auto="0"/>
				<Option working_dir="/home/erik/Documents/ljus"/>
				<Option object_output="./"/>
				<Option type="1"/>
				<Option compiler="gcc"/>
				<Compiler>
					<Add directory="/home/erik/Documents/ljus/ljus"/>
					<Add directory="/home/erik/Documents/ljus/app"/>
					<Add directory="/home/erik/Documents/ljus/tests"/>
					<Add directory="/home/erik/Documents/ljus/external/pistache/include"/>
					<Add directory="/home/erik/Documents/ljus/external/argon2/include"/>
					<Add directory="/home/erik/Documents/ljus/external/json/src"/>
					<Add directory="/home/erik/Documents/ljus/other"/>
					<Add directory="/home/erik/Documents/ljus/external/argon2/src"/>
					<Add directory="/usr/include/c++/5"/>
					<Add directory="/usr/include/x86_64-linux-gnu/c++/5"/>
					<Add directory="/usr/include/c++/5/backward"/>
					<Add directory="/usr/lib/gcc/x86_64-linux-gnu/5/include"/>
					<Add directory="/usr/local/include"/>
					<Add directory="/usr/lib/gcc/x86_64-linux-gnu/5/include-fixed"/>
					<Add directory="/usr/include/x86_64-linux-gnu"/>
					<Add directory="/usr/include"/>
				</Compiler>
				<MakeCommands>
					<Build command="/usr/bin/make -j5 -f &quot;/home/erik/Documents/ljus/Makefile&quot;  VERBOSE=1 sodiumfuzz/fast"/>
					<CompileFile command="/usr/bin/make -j5 -f &quot;/home/erik/Documents/ljus/Makefile&quot;  VERBOSE=1 &quot;$file&quot;"/>
					<Clean command="/usr/bin/make -j5 -f &quot;/home/erik/Documents/ljus/Makefile&quot;  VERBOSE=1 clean"/>
					<DistClean command="/usr/bin/make -j5 -f &quot;/home/erik/Documents/ljus/Makefile&quot;  VERBOSE=1 clean"/>
				</MakeCommands>
			</Target>
			<Target title="hash">
				<Option output="/home/erik/Documents/ljus/libhash.a" prefix_auto="0" extension_auto="0"/>
				<Option working_dir="/home/erik/Documents/ljus"/>
				<Option object_output="./"/>
				<Option type="2"/>
				<Option compiler="gcc"/>
				<Compiler>
					<Add directory="/home/erik/Documents/ljus/ljus"/>
					<Add directory="/home/erik/Documents/ljus/app"/>
					<Add directory="/home/erik/Documents/ljus/tests"/>
					<Add directory="/home/erik/Documents/ljus/external/pistache/include"/>
					<Add directory="/home/erik/Documents/ljus/external/argon2/include"/>
					<Add directory="/home/erik/Documents/ljus/external/json/src"/>
					<Add directory="/home/erik/Documents/ljus/other"/>
					<Add directory="/home/erik/Documents/ljus/external/argon2/src"/>
					<Add directory="/usr/include/c++/5"/>
					<Add directory="/usr/include/x86_64-linux-gnu/c++/5"/>
					<Add directory="/usr/include/c++/5/backward"/>
					<Add directory="/usr/lib/gcc/x86_64-linux-gnu/5/include"/>
					<Add directory="/usr/local/include"/>
					<Add directory="/usr/lib/gcc/x86_64-linux-gnu/5/include-fixed"/>
					<Add directory="/usr/include/x86_64-linux-gnu"/>
					<Add directory="/usr/include"/>
				</Compiler>
				<MakeCommands>
					<Build command="/usr/bin/make -j5 -f &quot;/home/erik/Documents/ljus/Makefile&quot;  VERBOSE=1 hash"/>
					<CompileFile command="/usr/bin/make -j5 -f &quot;/home/erik/Documents/ljus/Makefile&quot;  VERBOSE=1 &quot;$file&quot;"/>
					<Clean command="/usr/bin/make -j5 -f &quot;/home/erik/Documents/ljus/Makefile&quot;  VERBOSE=1 clean"/>
					<DistClean command="/usr/bin/make -j5 -f &quot;/home/erik/Documents/ljus/Makefile&quot;  VERBOSE=1 clean"/>
				</MakeCommands>
			</Target>
			<Target title="hash/fast">
				<Option output="/home/erik/Documents/ljus/libhash.a" prefix_auto="0" extension_auto="0"/>
				<Option working_dir="/home/erik/Documents/ljus"/>
				<Option object_output="./"/>
				<Option type="2"/>
				<Option compiler="gcc"/>
				<Compiler>
					<Add directory="/home/erik/Documents/ljus/ljus"/>
					<Add directory="/home/erik/Documents/ljus/app"/>
					<Add directory="/home/erik/Documents/ljus/tests"/>
					<Add directory="/home/erik/Documents/ljus/external/pistache/include"/>
					<Add directory="/home/erik/Documents/ljus/external/argon2/include"/>
					<Add directory="/home/erik/Documents/ljus/external/json/src"/>
					<Add directory="/home/erik/Documents/ljus/other"/>
					<Add directory="/home/erik/Documents/ljus/external/argon2/src"/>
					<Add directory="/usr/include/c++/5"/>
					<Add directory="/usr/include/x86_64-linux-gnu/c++/5"/>
					<Add directory="/usr/include/c++/5/backward"/>
					<Add directory="/usr/lib/gcc/x86_64-linux-gnu/5/include"/>
					<Add directory="/usr/local/include"/>
					<Add directory="/usr/lib/gcc/x86_64-linux-gnu/5/include-fixed"/>
					<Add directory="/usr/include/x86_64-linux-gnu"/>
					<Add directory="/usr/include"/>
				</Compiler>
				<MakeCommands>
					<Build command="/usr/bin/make -j5 -f &quot;/home/erik/Documents/ljus/Makefile&quot;  VERBOSE=1 hash/fast"/>
					<CompileFile command="/usr/bin/make -j5 -f &quot;/home/erik/Documents/ljus/Makefile&quot;  VERBOSE=1 &quot;$file&quot;"/>
					<Clean command="/usr/bin/make -j5 -f &quot;/home/erik/Documents/ljus/Makefile&quot;  VERBOSE=1 clean"/>
					<DistClean command="/usr/bin/make -j5 -f &quot;/home/erik/Documents/ljus/Makefile&quot;  VERBOSE=1 clean"/>
				</MakeCommands>
			</Target>
			<Target title="b64">
				<Option output="/home/erik/Documents/ljus/libb64.a" prefix_auto="0" extension_auto="0"/>
				<Option working_dir="/home/erik/Documents/ljus"/>
				<Option object_output="./"/>
				<Option type="2"/>
				<Option compiler="gcc"/>
				<Compiler>
					<Add directory="/home/erik/Documents/ljus/ljus"/>
					<Add directory="/home/erik/Documents/ljus/app"/>
					<Add directory="/home/erik/Documents/ljus/tests"/>
					<Add directory="/home/erik/Documents/ljus/external/pistache/include"/>
					<Add directory="/home/erik/Documents/ljus/external/argon2/include"/>
					<Add directory="/home/erik/Documents/ljus/external/json/src"/>
					<Add directory="/home/erik/Documents/ljus/other"/>
					<Add directory="/home/erik/Documents/ljus/external/argon2/src"/>
					<Add directory="/usr/include/c++/5"/>
					<Add directory="/usr/include/x86_64-linux-gnu/c++/5"/>
					<Add directory="/usr/include/c++/5/backward"/>
					<Add directory="/usr/lib/gcc/x86_64-linux-gnu/5/include"/>
					<Add directory="/usr/local/include"/>
					<Add directory="/usr/lib/gcc/x86_64-linux-gnu/5/include-fixed"/>
					<Add directory="/usr/include/x86_64-linux-gnu"/>
					<Add directory="/usr/include"/>
				</Compiler>
				<MakeCommands>
					<Build command="/usr/bin/make -j5 -f &quot;/home/erik/Documents/ljus/Makefile&quot;  VERBOSE=1 b64"/>
					<CompileFile command="/usr/bin/make -j5 -f &quot;/home/erik/Documents/ljus/Makefile&quot;  VERBOSE=1 &quot;$file&quot;"/>
					<Clean command="/usr/bin/make -j5 -f &quot;/home/erik/Documents/ljus/Makefile&quot;  VERBOSE=1 clean"/>
					<DistClean command="/usr/bin/make -j5 -f &quot;/home/erik/Documents/ljus/Makefile&quot;  VERBOSE=1 clean"/>
				</MakeCommands>
			</Target>
			<Target title="b64/fast">
				<Option output="/home/erik/Documents/ljus/libb64.a" prefix_auto="0" extension_auto="0"/>
				<Option working_dir="/home/erik/Documents/ljus"/>
				<Option object_output="./"/>
				<Option type="2"/>
				<Option compiler="gcc"/>
				<Compiler>
					<Add directory="/home/erik/Documents/ljus/ljus"/>
					<Add directory="/home/erik/Documents/ljus/app"/>
					<Add directory="/home/erik/Documents/ljus/tests"/>
					<Add directory="/home/erik/Documents/ljus/external/pistache/include"/>
					<Add directory="/home/erik/Documents/ljus/external/argon2/include"/>
					<Add directory="/home/erik/Documents/ljus/external/json/src"/>
					<Add directory="/home/erik/Documents/ljus/other"/>
					<Add directory="/home/erik/Documents/ljus/external/argon2/src"/>
					<Add directory="/usr/include/c++/5"/>
					<Add directory="/usr/include/x86_64-linux-gnu/c++/5"/>
					<Add directory="/usr/include/c++/5/backward"/>
					<Add directory="/usr/lib/gcc/x86_64-linux-gnu/5/include"/>
					<Add directory="/usr/local/include"/>
					<Add directory="/usr/lib/gcc/x86_64-linux-gnu/5/include-fixed"/>
					<Add directory="/usr/include/x86_64-linux-gnu"/>
					<Add directory="/usr/include"/>
				</Compiler>
				<MakeCommands>
					<Build command="/usr/bin/make -j5 -f &quot;/home/erik/Documents/ljus/Makefile&quot;  VERBOSE=1 b64/fast"/>
					<CompileFile command="/usr/bin/make -j5 -f &quot;/home/erik/Documents/ljus/Makefile&quot;  VERBOSE=1 &quot;$file&quot;"/>
					<Clean command="/usr/bin/make -j5 -f &quot;/home/erik/Documents/ljus/Makefile&quot;  VERBOSE=1 clean"/>
					<DistClean command="/usr/bin/make -j5 -f &quot;/home/erik/Documents/ljus/Makefile&quot;  VERBOSE=1 clean"/>
				</MakeCommands>
			</Target>
			<Target title="tests.out">
				<Option output="/home/erik/Documents/ljus/tests.out" prefix_auto="0" extension_auto="0"/>
				<Option working_dir="/home/erik/Documents/ljus"/>
				<Option object_output="./"/>
				<Option type="1"/>
				<Option compiler="gcc"/>
				<Compiler>
					<Add directory="/home/erik/Documents/ljus/ljus"/>
					<Add directory="/home/erik/Documents/ljus/app"/>
					<Add directory="/home/erik/Documents/ljus/tests"/>
					<Add directory="/home/erik/Documents/ljus/external/pistache/include"/>
					<Add directory="/home/erik/Documents/ljus/external/argon2/include"/>
					<Add directory="/home/erik/Documents/ljus/external/json/src"/>
					<Add directory="/home/erik/Documents/ljus/other"/>
					<Add directory="/home/erik/Documents/ljus/external/argon2/src"/>
					<Add directory="/home/erik/Documents/ljus/tests/catch"/>
					<Add directory="/usr/include/c++/5"/>
					<Add directory="/usr/include/x86_64-linux-gnu/c++/5"/>
					<Add directory="/usr/include/c++/5/backward"/>
					<Add directory="/usr/lib/gcc/x86_64-linux-gnu/5/include"/>
					<Add directory="/usr/local/include"/>
					<Add directory="/usr/lib/gcc/x86_64-linux-gnu/5/include-fixed"/>
					<Add directory="/usr/include/x86_64-linux-gnu"/>
					<Add directory="/usr/include"/>
				</Compiler>
				<MakeCommands>
					<Build command="/usr/bin/make -j5 -f &quot;/home/erik/Documents/ljus/Makefile&quot;  VERBOSE=1 tests.out"/>
					<CompileFile command="/usr/bin/make -j5 -f &quot;/home/erik/Documents/ljus/Makefile&quot;  VERBOSE=1 &quot;$file&quot;"/>
					<Clean command="/usr/bin/make -j5 -f &quot;/home/erik/Documents/ljus/Makefile&quot;  VERBOSE=1 clean"/>
					<DistClean command="/usr/bin/make -j5 -f &quot;/home/erik/Documents/ljus/Makefile&quot;  VERBOSE=1 clean"/>
				</MakeCommands>
			</Target>
			<Target title="tests.out/fast">
				<Option output="/home/erik/Documents/ljus/tests.out" prefix_auto="0" extension_auto="0"/>
				<Option working_dir="/home/erik/Documents/ljus"/>
				<Option object_output="./"/>
				<Option type="1"/>
				<Option compiler="gcc"/>
				<Compiler>
					<Add directory="/home/erik/Documents/ljus/ljus"/>
					<Add directory="/home/erik/Documents/ljus/app"/>
					<Add directory="/home/erik/Documents/ljus/tests"/>
					<Add directory="/home/erik/Documents/ljus/external/pistache/include"/>
					<Add directory="/home/erik/Documents/ljus/external/argon2/include"/>
					<Add directory="/home/erik/Documents/ljus/external/json/src"/>
					<Add directory="/home/erik/Documents/ljus/other"/>
					<Add directory="/home/erik/Documents/ljus/external/argon2/src"/>
					<Add directory="/home/erik/Documents/ljus/tests/catch"/>
					<Add directory="/usr/include/c++/5"/>
					<Add directory="/usr/include/x86_64-linux-gnu/c++/5"/>
					<Add directory="/usr/include/c++/5/backward"/>
					<Add directory="/usr/lib/gcc/x86_64-linux-gnu/5/include"/>
					<Add directory="/usr/local/include"/>
					<Add directory="/usr/lib/gcc/x86_64-linux-gnu/5/include-fixed"/>
					<Add directory="/usr/include/x86_64-linux-gnu"/>
					<Add directory="/usr/include"/>
				</Compiler>
				<MakeCommands>
					<Build command="/usr/bin/make -j5 -f &quot;/home/erik/Documents/ljus/Makefile&quot;  VERBOSE=1 tests.out/fast"/>
					<CompileFile command="/usr/bin/make -j5 -f &quot;/home/erik/Documents/ljus/Makefile&quot;  VERBOSE=1 &quot;$file&quot;"/>
					<Clean command="/usr/bin/make -j5 -f &quot;/home/erik/Documents/ljus/Makefile&quot;  VERBOSE=1 clean"/>
					<DistClean command="/usr/bin/make -j5 -f &quot;/home/erik/Documents/ljus/Makefile&quot;  VERBOSE=1 clean"/>
				</MakeCommands>
			</Target>
			<Target title="files">
				<Option output="/home/erik/Documents/ljus/libfiles.a" prefix_auto="0" extension_auto="0"/>
				<Option working_dir="/home/erik/Documents/ljus"/>
				<Option object_output="./"/>
				<Option type="2"/>
				<Option compiler="gcc"/>
				<Compiler>
					<Add directory="/home/erik/Documents/ljus/ljus"/>
					<Add directory="/home/erik/Documents/ljus/app"/>
					<Add directory="/home/erik/Documents/ljus/tests"/>
					<Add directory="/home/erik/Documents/ljus/external/pistache/include"/>
					<Add directory="/home/erik/Documents/ljus/external/argon2/include"/>
					<Add directory="/home/erik/Documents/ljus/external/json/src"/>
					<Add directory="/home/erik/Documents/ljus/other"/>
					<Add directory="/home/erik/Documents/ljus/external/argon2/src"/>
					<Add directory="/usr/include/c++/5"/>
					<Add directory="/usr/include/x86_64-linux-gnu/c++/5"/>
					<Add directory="/usr/include/c++/5/backward"/>
					<Add directory="/usr/lib/gcc/x86_64-linux-gnu/5/include"/>
					<Add directory="/usr/local/include"/>
					<Add directory="/usr/lib/gcc/x86_64-linux-gnu/5/include-fixed"/>
					<Add directory="/usr/include/x86_64-linux-gnu"/>
					<Add directory="/usr/include"/>
				</Compiler>
				<MakeCommands>
					<Build command="/usr/bin/make -j5 -f &quot;/home/erik/Documents/ljus/Makefile&quot;  VERBOSE=1 files"/>
					<CompileFile command="/usr/bin/make -j5 -f &quot;/home/erik/Documents/ljus/Makefile&quot;  VERBOSE=1 &quot;$file&quot;"/>
					<Clean command="/usr/bin/make -j5 -f &quot;/home/erik/Documents/ljus/Makefile&quot;  VERBOSE=1 clean"/>
					<DistClean command="/usr/bin/make -j5 -f &quot;/home/erik/Documents/ljus/Makefile&quot;  VERBOSE=1 clean"/>
				</MakeCommands>
			</Target>
			<Target title="files/fast">
				<Option output="/home/erik/Documents/ljus/libfiles.a" prefix_auto="0" extension_auto="0"/>
				<Option working_dir="/home/erik/Documents/ljus"/>
				<Option object_output="./"/>
				<Option type="2"/>
				<Option compiler="gcc"/>
				<Compiler>
					<Add directory="/home/erik/Documents/ljus/ljus"/>
					<Add directory="/home/erik/Documents/ljus/app"/>
					<Add directory="/home/erik/Documents/ljus/tests"/>
					<Add directory="/home/erik/Documents/ljus/external/pistache/include"/>
					<Add directory="/home/erik/Documents/ljus/external/argon2/include"/>
					<Add directory="/home/erik/Documents/ljus/external/json/src"/>
					<Add directory="/home/erik/Documents/ljus/other"/>
					<Add directory="/home/erik/Documents/ljus/external/argon2/src"/>
					<Add directory="/usr/include/c++/5"/>
					<Add directory="/usr/include/x86_64-linux-gnu/c++/5"/>
					<Add directory="/usr/include/c++/5/backward"/>
					<Add directory="/usr/lib/gcc/x86_64-linux-gnu/5/include"/>
					<Add directory="/usr/local/include"/>
					<Add directory="/usr/lib/gcc/x86_64-linux-gnu/5/include-fixed"/>
					<Add directory="/usr/include/x86_64-linux-gnu"/>
					<Add directory="/usr/include"/>
				</Compiler>
				<MakeCommands>
					<Build command="/usr/bin/make -j5 -f &quot;/home/erik/Documents/ljus/Makefile&quot;  VERBOSE=1 files/fast"/>
					<CompileFile command="/usr/bin/make -j5 -f &quot;/home/erik/Documents/ljus/Makefile&quot;  VERBOSE=1 &quot;$file&quot;"/>
					<Clean command="/usr/bin/make -j5 -f &quot;/home/erik/Documents/ljus/Makefile&quot;  VERBOSE=1 clean"/>
					<DistClean command="/usr/bin/make -j5 -f &quot;/home/erik/Documents/ljus/Makefile&quot;  VERBOSE=1 clean"/>
				</MakeCommands>
			</Target>
			<Target title="http">
				<Option output="/home/erik/Documents/ljus/libhttp.a" prefix_auto="0" extension_auto="0"/>
				<Option working_dir="/home/erik/Documents/ljus"/>
				<Option object_output="./"/>
				<Option type="2"/>
				<Option compiler="gcc"/>
				<Compiler>
					<Add directory="/home/erik/Documents/ljus/ljus"/>
					<Add directory="/home/erik/Documents/ljus/app"/>
					<Add directory="/home/erik/Documents/ljus/tests"/>
					<Add directory="/home/erik/Documents/ljus/external/pistache/include"/>
					<Add directory="/home/erik/Documents/ljus/external/argon2/include"/>
					<Add directory="/home/erik/Documents/ljus/external/json/src"/>
					<Add directory="/home/erik/Documents/ljus/other"/>
					<Add directory="/home/erik/Documents/ljus/external/argon2/src"/>
					<Add directory="/usr/include/c++/5"/>
					<Add directory="/usr/include/x86_64-linux-gnu/c++/5"/>
					<Add directory="/usr/include/c++/5/backward"/>
					<Add directory="/usr/lib/gcc/x86_64-linux-gnu/5/include"/>
					<Add directory="/usr/local/include"/>
					<Add directory="/usr/lib/gcc/x86_64-linux-gnu/5/include-fixed"/>
					<Add directory="/usr/include/x86_64-linux-gnu"/>
					<Add directory="/usr/include"/>
				</Compiler>
				<MakeCommands>
					<Build command="/usr/bin/make -j5 -f &quot;/home/erik/Documents/ljus/Makefile&quot;  VERBOSE=1 http"/>
					<CompileFile command="/usr/bin/make -j5 -f &quot;/home/erik/Documents/ljus/Makefile&quot;  VERBOSE=1 &quot;$file&quot;"/>
					<Clean command="/usr/bin/make -j5 -f &quot;/home/erik/Documents/ljus/Makefile&quot;  VERBOSE=1 clean"/>
					<DistClean command="/usr/bin/make -j5 -f &quot;/home/erik/Documents/ljus/Makefile&quot;  VERBOSE=1 clean"/>
				</MakeCommands>
			</Target>
			<Target title="http/fast">
				<Option output="/home/erik/Documents/ljus/libhttp.a" prefix_auto="0" extension_auto="0"/>
				<Option working_dir="/home/erik/Documents/ljus"/>
				<Option object_output="./"/>
				<Option type="2"/>
				<Option compiler="gcc"/>
				<Compiler>
					<Add directory="/home/erik/Documents/ljus/ljus"/>
					<Add directory="/home/erik/Documents/ljus/app"/>
					<Add directory="/home/erik/Documents/ljus/tests"/>
					<Add directory="/home/erik/Documents/ljus/external/pistache/include"/>
					<Add directory="/home/erik/Documents/ljus/external/argon2/include"/>
					<Add directory="/home/erik/Documents/ljus/external/json/src"/>
					<Add directory="/home/erik/Documents/ljus/other"/>
					<Add directory="/home/erik/Documents/ljus/external/argon2/src"/>
					<Add directory="/usr/include/c++/5"/>
					<Add directory="/usr/include/x86_64-linux-gnu/c++/5"/>
					<Add directory="/usr/include/c++/5/backward"/>
					<Add directory="/usr/lib/gcc/x86_64-linux-gnu/5/include"/>
					<Add directory="/usr/local/include"/>
					<Add directory="/usr/lib/gcc/x86_64-linux-gnu/5/include-fixed"/>
					<Add directory="/usr/include/x86_64-linux-gnu"/>
					<Add directory="/usr/include"/>
				</Compiler>
				<MakeCommands>
					<Build command="/usr/bin/make -j5 -f &quot;/home/erik/Documents/ljus/Makefile&quot;  VERBOSE=1 http/fast"/>
					<CompileFile command="/usr/bin/make -j5 -f &quot;/home/erik/Documents/ljus/Makefile&quot;  VERBOSE=1 &quot;$file&quot;"/>
					<Clean command="/usr/bin/make -j5 -f &quot;/home/erik/Documents/ljus/Makefile&quot;  VERBOSE=1 clean"/>
					<DistClean command="/usr/bin/make -j5 -f &quot;/home/erik/Documents/ljus/Makefile&quot;  VERBOSE=1 clean"/>
				</MakeCommands>
			</Target>
			<Target title="config">
				<Option output="/home/erik/Documents/ljus/libconfig.a" prefix_auto="0" extension_auto="0"/>
				<Option working_dir="/home/erik/Documents/ljus"/>
				<Option object_output="./"/>
				<Option type="2"/>
				<Option compiler="gcc"/>
				<Compiler>
					<Add directory="/home/erik/Documents/ljus/ljus"/>
					<Add directory="/home/erik/Documents/ljus/app"/>
					<Add directory="/home/erik/Documents/ljus/tests"/>
					<Add directory="/home/erik/Documents/ljus/external/pistache/include"/>
					<Add directory="/home/erik/Documents/ljus/external/argon2/include"/>
					<Add directory="/home/erik/Documents/ljus/external/json/src"/>
					<Add directory="/home/erik/Documents/ljus/other"/>
					<Add directory="/home/erik/Documents/ljus/external/argon2/src"/>
					<Add directory="/usr/include/c++/5"/>
					<Add directory="/usr/include/x86_64-linux-gnu/c++/5"/>
					<Add directory="/usr/include/c++/5/backward"/>
					<Add directory="/usr/lib/gcc/x86_64-linux-gnu/5/include"/>
					<Add directory="/usr/local/include"/>
					<Add directory="/usr/lib/gcc/x86_64-linux-gnu/5/include-fixed"/>
					<Add directory="/usr/include/x86_64-linux-gnu"/>
					<Add directory="/usr/include"/>
				</Compiler>
				<MakeCommands>
					<Build command="/usr/bin/make -j5 -f &quot;/home/erik/Documents/ljus/Makefile&quot;  VERBOSE=1 config"/>
					<CompileFile command="/usr/bin/make -j5 -f &quot;/home/erik/Documents/ljus/Makefile&quot;  VERBOSE=1 &quot;$file&quot;"/>
					<Clean command="/usr/bin/make -j5 -f &quot;/home/erik/Documents/ljus/Makefile&quot;  VERBOSE=1 clean"/>
					<DistClean command="/usr/bin/make -j5 -f &quot;/home/erik/Documents/ljus/Makefile&quot;  VERBOSE=1 clean"/>
				</MakeCommands>
			</Target>
			<Target title="config/fast">
				<Option output="/home/erik/Documents/ljus/libconfig.a" prefix_auto="0" extension_auto="0"/>
				<Option working_dir="/home/erik/Documents/ljus"/>
				<Option object_output="./"/>
				<Option type="2"/>
				<Option compiler="gcc"/>
				<Compiler>
					<Add directory="/home/erik/Documents/ljus/ljus"/>
					<Add directory="/home/erik/Documents/ljus/app"/>
					<Add directory="/home/erik/Documents/ljus/tests"/>
					<Add directory="/home/erik/Documents/ljus/external/pistache/include"/>
					<Add directory="/home/erik/Documents/ljus/external/argon2/include"/>
					<Add directory="/home/erik/Documents/ljus/external/json/src"/>
					<Add directory="/home/erik/Documents/ljus/other"/>
					<Add directory="/home/erik/Documents/ljus/external/argon2/src"/>
					<Add directory="/usr/include/c++/5"/>
					<Add directory="/usr/include/x86_64-linux-gnu/c++/5"/>
					<Add directory="/usr/include/c++/5/backward"/>
					<Add directory="/usr/lib/gcc/x86_64-linux-gnu/5/include"/>
					<Add directory="/usr/local/include"/>
					<Add directory="/usr/lib/gcc/x86_64-linux-gnu/5/include-fixed"/>
					<Add directory="/usr/include/x86_64-linux-gnu"/>
					<Add directory="/usr/include"/>
				</Compiler>
				<MakeCommands>
					<Build command="/usr/bin/make -j5 -f &quot;/home/erik/Documents/ljus/Makefile&quot;  VERBOSE=1 config/fast"/>
					<CompileFile command="/usr/bin/make -j5 -f &quot;/home/erik/Documents/ljus/Makefile&quot;  VERBOSE=1 &quot;$file&quot;"/>
					<Clean command="/usr/bin/make -j5 -f &quot;/home/erik/Documents/ljus/Makefile&quot;  VERBOSE=1 clean"/>
					<DistClean command="/usr/bin/make -j5 -f &quot;/home/erik/Documents/ljus/Makefile&quot;  VERBOSE=1 clean"/>
				</MakeCommands>
			</Target>
			<Target title="fuzzhash">
				<Option output="/home/erik/Documents/ljus/fuzzhash" prefix_auto="0" extension_auto="0"/>
				<Option working_dir="/home/erik/Documents/ljus"/>
				<Option object_output="./"/>
				<Option type="1"/>
				<Option compiler="gcc"/>
				<Compiler>
					<Add directory="/home/erik/Documents/ljus/ljus"/>
					<Add directory="/home/erik/Documents/ljus/app"/>
					<Add directory="/home/erik/Documents/ljus/tests"/>
					<Add directory="/home/erik/Documents/ljus/external/pistache/include"/>
					<Add directory="/home/erik/Documents/ljus/external/argon2/include"/>
					<Add directory="/home/erik/Documents/ljus/external/json/src"/>
					<Add directory="/home/erik/Documents/ljus/other"/>
					<Add directory="/home/erik/Documents/ljus/external/argon2/src"/>
					<Add directory="/usr/include/c++/5"/>
					<Add directory="/usr/include/x86_64-linux-gnu/c++/5"/>
					<Add directory="/usr/include/c++/5/backward"/>
					<Add directory="/usr/lib/gcc/x86_64-linux-gnu/5/include"/>
					<Add directory="/usr/local/include"/>
					<Add directory="/usr/lib/gcc/x86_64-linux-gnu/5/include-fixed"/>
					<Add directory="/usr/include/x86_64-linux-gnu"/>
					<Add directory="/usr/include"/>
				</Compiler>
				<MakeCommands>
					<Build command="/usr/bin/make -j5 -f &quot;/home/erik/Documents/ljus/Makefile&quot;  VERBOSE=1 fuzzhash"/>
					<CompileFile command="/usr/bin/make -j5 -f &quot;/home/erik/Documents/ljus/Makefile&quot;  VERBOSE=1 &quot;$file&quot;"/>
					<Clean command="/usr/bin/make -j5 -f &quot;/home/erik/Documents/ljus/Makefile&quot;  VERBOSE=1 clean"/>
					<DistClean command="/usr/bin/make -j5 -f &quot;/home/erik/Documents/ljus/Makefile&quot;  VERBOSE=1 clean"/>
				</MakeCommands>
			</Target>
			<Target title="fuzzhash/fast">
				<Option output="/home/erik/Documents/ljus/fuzzhash" prefix_auto="0" extension_auto="0"/>
				<Option working_dir="/home/erik/Documents/ljus"/>
				<Option object_output="./"/>
				<Option type="1"/>
				<Option compiler="gcc"/>
				<Compiler>
					<Add directory="/home/erik/Documents/ljus/ljus"/>
					<Add directory="/home/erik/Documents/ljus/app"/>
					<Add directory="/home/erik/Documents/ljus/tests"/>
					<Add directory="/home/erik/Documents/ljus/external/pistache/include"/>
					<Add directory="/home/erik/Documents/ljus/external/argon2/include"/>
					<Add directory="/home/erik/Documents/ljus/external/json/src"/>
					<Add directory="/home/erik/Documents/ljus/other"/>
					<Add directory="/home/erik/Documents/ljus/external/argon2/src"/>
					<Add directory="/usr/include/c++/5"/>
					<Add directory="/usr/include/x86_64-linux-gnu/c++/5"/>
					<Add directory="/usr/include/c++/5/backward"/>
					<Add directory="/usr/lib/gcc/x86_64-linux-gnu/5/include"/>
					<Add directory="/usr/local/include"/>
					<Add directory="/usr/lib/gcc/x86_64-linux-gnu/5/include-fixed"/>
					<Add directory="/usr/include/x86_64-linux-gnu"/>
					<Add directory="/usr/include"/>
				</Compiler>
				<MakeCommands>
					<Build command="/usr/bin/make -j5 -f &quot;/home/erik/Documents/ljus/Makefile&quot;  VERBOSE=1 fuzzhash/fast"/>
					<CompileFile command="/usr/bin/make -j5 -f &quot;/home/erik/Documents/ljus/Makefile&quot;  VERBOSE=1 &quot;$file&quot;"/>
					<Clean command="/usr/bin/make -j5 -f &quot;/home/erik/Documents/ljus/Makefile&quot;  VERBOSE=1 clean"/>
					<DistClean command="/usr/bin/make -j5 -f &quot;/home/erik/Documents/ljus/Makefile&quot;  VERBOSE=1 clean"/>
				</MakeCommands>
			</Target>
			<Target title="crypt">
				<Option output="/home/erik/Documents/ljus/libcrypt.a" prefix_auto="0" extension_auto="0"/>
				<Option working_dir="/home/erik/Documents/ljus"/>
				<Option object_output="./"/>
				<Option type="2"/>
				<Option compiler="gcc"/>
				<Compiler>
					<Add directory="/home/erik/Documents/ljus/ljus"/>
					<Add directory="/home/erik/Documents/ljus/app"/>
					<Add directory="/home/erik/Documents/ljus/tests"/>
					<Add directory="/home/erik/Documents/ljus/external/pistache/include"/>
					<Add directory="/home/erik/Documents/ljus/external/argon2/include"/>
					<Add directory="/home/erik/Documents/ljus/external/json/src"/>
					<Add directory="/home/erik/Documents/ljus/other"/>
					<Add directory="/home/erik/Documents/ljus/external/argon2/src"/>
					<Add directory="/usr/include/c++/5"/>
					<Add directory="/usr/include/x86_64-linux-gnu/c++/5"/>
					<Add directory="/usr/include/c++/5/backward"/>
					<Add directory="/usr/lib/gcc/x86_64-linux-gnu/5/include"/>
					<Add directory="/usr/local/include"/>
					<Add directory="/usr/lib/gcc/x86_64-linux-gnu/5/include-fixed"/>
					<Add directory="/usr/include/x86_64-linux-gnu"/>
					<Add directory="/usr/include"/>
				</Compiler>
				<MakeCommands>
					<Build command="/usr/bin/make -j5 -f &quot;/home/erik/Documents/ljus/Makefile&quot;  VERBOSE=1 crypt"/>
					<CompileFile command="/usr/bin/make -j5 -f &quot;/home/erik/Documents/ljus/Makefile&quot;  VERBOSE=1 &quot;$file&quot;"/>
					<Clean command="/usr/bin/make -j5 -f &quot;/home/erik/Documents/ljus/Makefile&quot;  VERBOSE=1 clean"/>
					<DistClean command="/usr/bin/make -j5 -f &quot;/home/erik/Documents/ljus/Makefile&quot;  VERBOSE=1 clean"/>
				</MakeCommands>
			</Target>
			<Target title="crypt/fast">
				<Option output="/home/erik/Documents/ljus/libcrypt.a" prefix_auto="0" extension_auto="0"/>
				<Option working_dir="/home/erik/Documents/ljus"/>
				<Option object_output="./"/>
				<Option type="2"/>
				<Option compiler="gcc"/>
				<Compiler>
					<Add directory="/home/erik/Documents/ljus/ljus"/>
					<Add directory="/home/erik/Documents/ljus/app"/>
					<Add directory="/home/erik/Documents/ljus/tests"/>
					<Add directory="/home/erik/Documents/ljus/external/pistache/include"/>
					<Add directory="/home/erik/Documents/ljus/external/argon2/include"/>
					<Add directory="/home/erik/Documents/ljus/external/json/src"/>
					<Add directory="/home/erik/Documents/ljus/other"/>
					<Add directory="/home/erik/Documents/ljus/external/argon2/src"/>
					<Add directory="/usr/include/c++/5"/>
					<Add directory="/usr/include/x86_64-linux-gnu/c++/5"/>
					<Add directory="/usr/include/c++/5/backward"/>
					<Add directory="/usr/lib/gcc/x86_64-linux-gnu/5/include"/>
					<Add directory="/usr/local/include"/>
					<Add directory="/usr/lib/gcc/x86_64-linux-gnu/5/include-fixed"/>
					<Add directory="/usr/include/x86_64-linux-gnu"/>
					<Add directory="/usr/include"/>
				</Compiler>
				<MakeCommands>
					<Build command="/usr/bin/make -j5 -f &quot;/home/erik/Documents/ljus/Makefile&quot;  VERBOSE=1 crypt/fast"/>
					<CompileFile command="/usr/bin/make -j5 -f &quot;/home/erik/Documents/ljus/Makefile&quot;  VERBOSE=1 &quot;$file&quot;"/>
					<Clean command="/usr/bin/make -j5 -f &quot;/home/erik/Documents/ljus/Makefile&quot;  VERBOSE=1 clean"/>
					<DistClean command="/usr/bin/make -j5 -f &quot;/home/erik/Documents/ljus/Makefile&quot;  VERBOSE=1 clean"/>
				</MakeCommands>
			</Target>
			<Target title="app.out">
				<Option output="/home/erik/Documents/ljus/app.out" prefix_auto="0" extension_auto="0"/>
				<Option working_dir="/home/erik/Documents/ljus"/>
				<Option object_output="./"/>
				<Option type="1"/>
				<Option compiler="gcc"/>
				<Compiler>
					<Add directory="/home/erik/Documents/ljus/ljus"/>
					<Add directory="/home/erik/Documents/ljus/app"/>
					<Add directory="/home/erik/Documents/ljus/tests"/>
					<Add directory="/home/erik/Documents/ljus/external/pistache/include"/>
					<Add directory="/home/erik/Documents/ljus/external/argon2/include"/>
					<Add directory="/home/erik/Documents/ljus/external/json/src"/>
					<Add directory="/home/erik/Documents/ljus/other"/>
					<Add directory="/home/erik/Documents/ljus/external/argon2/src"/>
					<Add directory="/usr/include/c++/5"/>
					<Add directory="/usr/include/x86_64-linux-gnu/c++/5"/>
					<Add directory="/usr/include/c++/5/backward"/>
					<Add directory="/usr/lib/gcc/x86_64-linux-gnu/5/include"/>
					<Add directory="/usr/local/include"/>
					<Add directory="/usr/lib/gcc/x86_64-linux-gnu/5/include-fixed"/>
					<Add directory="/usr/include/x86_64-linux-gnu"/>
					<Add directory="/usr/include"/>
				</Compiler>
				<MakeCommands>
					<Build command="/usr/bin/make -j5 -f &quot;/home/erik/Documents/ljus/Makefile&quot;  VERBOSE=1 app.out"/>
					<CompileFile command="/usr/bin/make -j5 -f &quot;/home/erik/Documents/ljus/Makefile&quot;  VERBOSE=1 &quot;$file&quot;"/>
					<Clean command="/usr/bin/make -j5 -f &quot;/home/erik/Documents/ljus/Makefile&quot;  VERBOSE=1 clean"/>
					<DistClean command="/usr/bin/make -j5 -f &quot;/home/erik/Documents/ljus/Makefile&quot;  VERBOSE=1 clean"/>
				</MakeCommands>
			</Target>
			<Target title="app.out/fast">
				<Option output="/home/erik/Documents/ljus/app.out" prefix_auto="0" extension_auto="0"/>
				<Option working_dir="/home/erik/Documents/ljus"/>
				<Option object_output="./"/>
				<Option type="1"/>
				<Option compiler="gcc"/>
				<Compiler>
					<Add directory="/home/erik/Documents/ljus/ljus"/>
					<Add directory="/home/erik/Documents/ljus/app"/>
					<Add directory="/home/erik/Documents/ljus/tests"/>
					<Add directory="/home/erik/Documents/ljus/external/pistache/include"/>
					<Add directory="/home/erik/Documents/ljus/external/argon2/include"/>
					<Add directory="/home/erik/Documents/ljus/external/json/src"/>
					<Add directory="/home/erik/Documents/ljus/other"/>
					<Add directory="/home/erik/Documents/ljus/external/argon2/src"/>
					<Add directory="/usr/include/c++/5"/>
					<Add directory="/usr/include/x86_64-linux-gnu/c++/5"/>
					<Add directory="/usr/include/c++/5/backward"/>
					<Add directory="/usr/lib/gcc/x86_64-linux-gnu/5/include"/>
					<Add directory="/usr/local/include"/>
					<Add directory="/usr/lib/gcc/x86_64-linux-gnu/5/include-fixed"/>
					<Add directory="/usr/include/x86_64-linux-gnu"/>
					<Add directory="/usr/include"/>
				</Compiler>
				<MakeCommands>
					<Build command="/usr/bin/make -j5 -f &quot;/home/erik/Documents/ljus/Makefile&quot;  VERBOSE=1 app.out/fast"/>
					<CompileFile command="/usr/bin/make -j5 -f &quot;/home/erik/Documents/ljus/Makefile&quot;  VERBOSE=1 &quot;$file&quot;"/>
					<Clean command="/usr/bin/make -j5 -f &quot;/home/erik/Documents/ljus/Makefile&quot;  VERBOSE=1 clean"/>
					<DistClean command="/usr/bin/make -j5 -f &quot;/home/erik/Documents/ljus/Makefile&quot;  VERBOSE=1 clean"/>
				</MakeCommands>
			</Target>
			<Target title="git_update">
				<Option working_dir="/home/erik/Documents/ljus"/>
				<Option type="4"/>
				<MakeCommands>
					<Build command="/usr/bin/make -j5 -f &quot;/home/erik/Documents/ljus/Makefile&quot;  VERBOSE=1 git_update"/>
					<CompileFile command="/usr/bin/make -j5 -f &quot;/home/erik/Documents/ljus/Makefile&quot;  VERBOSE=1 &quot;$file&quot;"/>
					<Clean command="/usr/bin/make -j5 -f &quot;/home/erik/Documents/ljus/Makefile&quot;  VERBOSE=1 clean"/>
					<DistClean command="/usr/bin/make -j5 -f &quot;/home/erik/Documents/ljus/Makefile&quot;  VERBOSE=1 clean"/>
				</MakeCommands>
			</Target>
			<Target title="argon2">
				<Option output="/home/erik/Documents/ljus/libargon2.a" prefix_auto="0" extension_auto="0"/>
				<Option working_dir="/home/erik/Documents/ljus"/>
				<Option object_output="./"/>
				<Option type="2"/>
				<Option compiler="gcc"/>
				<Compiler>
					<Add directory="/home/erik/Documents/ljus/ljus"/>
					<Add directory="/home/erik/Documents/ljus/app"/>
					<Add directory="/home/erik/Documents/ljus/tests"/>
					<Add directory="/home/erik/Documents/ljus/external/pistache/include"/>
					<Add directory="/home/erik/Documents/ljus/external/argon2/include"/>
					<Add directory="/home/erik/Documents/ljus/external/json/src"/>
					<Add directory="/home/erik/Documents/ljus/other"/>
					<Add directory="/home/erik/Documents/ljus/external/argon2/src"/>
					<Add directory="/usr/include/c++/5"/>
					<Add directory="/usr/include/x86_64-linux-gnu/c++/5"/>
					<Add directory="/usr/include/c++/5/backward"/>
					<Add directory="/usr/lib/gcc/x86_64-linux-gnu/5/include"/>
					<Add directory="/usr/local/include"/>
					<Add directory="/usr/lib/gcc/x86_64-linux-gnu/5/include-fixed"/>
					<Add directory="/usr/include/x86_64-linux-gnu"/>
					<Add directory="/usr/include"/>
				</Compiler>
				<MakeCommands>
					<Build command="/usr/bin/make -j5 -f &quot;/home/erik/Documents/ljus/Makefile&quot;  VERBOSE=1 argon2"/>
					<CompileFile command="/usr/bin/make -j5 -f &quot;/home/erik/Documents/ljus/Makefile&quot;  VERBOSE=1 &quot;$file&quot;"/>
					<Clean command="/usr/bin/make -j5 -f &quot;/home/erik/Documents/ljus/Makefile&quot;  VERBOSE=1 clean"/>
					<DistClean command="/usr/bin/make -j5 -f &quot;/home/erik/Documents/ljus/Makefile&quot;  VERBOSE=1 clean"/>
				</MakeCommands>
			</Target>
			<Target title="argon2/fast">
				<Option output="/home/erik/Documents/ljus/libargon2.a" prefix_auto="0" extension_auto="0"/>
				<Option working_dir="/home/erik/Documents/ljus"/>
				<Option object_output="./"/>
				<Option type="2"/>
				<Option compiler="gcc"/>
				<Compiler>
					<Add directory="/home/erik/Documents/ljus/ljus"/>
					<Add directory="/home/erik/Documents/ljus/app"/>
					<Add directory="/home/erik/Documents/ljus/tests"/>
					<Add directory="/home/erik/Documents/ljus/external/pistache/include"/>
					<Add directory="/home/erik/Documents/ljus/external/argon2/include"/>
					<Add directory="/home/erik/Documents/ljus/external/json/src"/>
					<Add directory="/home/erik/Documents/ljus/other"/>
					<Add directory="/home/erik/Documents/ljus/external/argon2/src"/>
					<Add directory="/usr/include/c++/5"/>
					<Add directory="/usr/include/x86_64-linux-gnu/c++/5"/>
					<Add directory="/usr/include/c++/5/backward"/>
					<Add directory="/usr/lib/gcc/x86_64-linux-gnu/5/include"/>
					<Add directory="/usr/local/include"/>
					<Add directory="/usr/lib/gcc/x86_64-linux-gnu/5/include-fixed"/>
					<Add directory="/usr/include/x86_64-linux-gnu"/>
					<Add directory="/usr/include"/>
				</Compiler>
				<MakeCommands>
					<Build command="/usr/bin/make -j5 -f &quot;/home/erik/Documents/ljus/Makefile&quot;  VERBOSE=1 argon2/fast"/>
					<CompileFile command="/usr/bin/make -j5 -f &quot;/home/erik/Documents/ljus/Makefile&quot;  VERBOSE=1 &quot;$file&quot;"/>
					<Clean command="/usr/bin/make -j5 -f &quot;/home/erik/Documents/ljus/Makefile&quot;  VERBOSE=1 clean"/>
					<DistClean command="/usr/bin/make -j5 -f &quot;/home/erik/Documents/ljus/Makefile&quot;  VERBOSE=1 clean"/>
				</MakeCommands>
			</Target>
			<Target title="pistache">
				<Option output="/home/erik/Documents/ljus/libpistache.a" prefix_auto="0" extension_auto="0"/>
				<Option working_dir="/home/erik/Documents/ljus"/>
				<Option object_output="./"/>
				<Option type="2"/>
				<Option compiler="gcc"/>
				<Compiler>
					<Add directory="/home/erik/Documents/ljus/ljus"/>
					<Add directory="/home/erik/Documents/ljus/app"/>
					<Add directory="/home/erik/Documents/ljus/tests"/>
					<Add directory="/home/erik/Documents/ljus/external/pistache/include"/>
					<Add directory="/home/erik/Documents/ljus/external/argon2/include"/>
					<Add directory="/home/erik/Documents/ljus/external/json/src"/>
					<Add directory="/home/erik/Documents/ljus/other"/>
					<Add directory="/home/erik/Documents/ljus/external/argon2/src"/>
					<Add directory="/usr/include/c++/5"/>
					<Add directory="/usr/include/x86_64-linux-gnu/c++/5"/>
					<Add directory="/usr/include/c++/5/backward"/>
					<Add directory="/usr/lib/gcc/x86_64-linux-gnu/5/include"/>
					<Add directory="/usr/local/include"/>
					<Add directory="/usr/lib/gcc/x86_64-linux-gnu/5/include-fixed"/>
					<Add directory="/usr/include/x86_64-linux-gnu"/>
					<Add directory="/usr/include"/>
				</Compiler>
				<MakeCommands>
					<Build command="/usr/bin/make -j5 -f &quot;/home/erik/Documents/ljus/Makefile&quot;  VERBOSE=1 pistache"/>
					<CompileFile command="/usr/bin/make -j5 -f &quot;/home/erik/Documents/ljus/Makefile&quot;  VERBOSE=1 &quot;$file&quot;"/>
					<Clean command="/usr/bin/make -j5 -f &quot;/home/erik/Documents/ljus/Makefile&quot;  VERBOSE=1 clean"/>
					<DistClean command="/usr/bin/make -j5 -f &quot;/home/erik/Documents/ljus/Makefile&quot;  VERBOSE=1 clean"/>
				</MakeCommands>
			</Target>
			<Target title="pistache/fast">
				<Option output="/home/erik/Documents/ljus/libpistache.a" prefix_auto="0" extension_auto="0"/>
				<Option working_dir="/home/erik/Documents/ljus"/>
				<Option object_output="./"/>
				<Option type="2"/>
				<Option compiler="gcc"/>
				<Compiler>
					<Add directory="/home/erik/Documents/ljus/ljus"/>
					<Add directory="/home/erik/Documents/ljus/app"/>
					<Add directory="/home/erik/Documents/ljus/tests"/>
					<Add directory="/home/erik/Documents/ljus/external/pistache/include"/>
					<Add directory="/home/erik/Documents/ljus/external/argon2/include"/>
					<Add directory="/home/erik/Documents/ljus/external/json/src"/>
					<Add directory="/home/erik/Documents/ljus/other"/>
					<Add directory="/home/erik/Documents/ljus/external/argon2/src"/>
					<Add directory="/usr/include/c++/5"/>
					<Add directory="/usr/include/x86_64-linux-gnu/c++/5"/>
					<Add directory="/usr/include/c++/5/backward"/>
					<Add directory="/usr/lib/gcc/x86_64-linux-gnu/5/include"/>
					<Add directory="/usr/local/include"/>
					<Add directory="/usr/lib/gcc/x86_64-linux-gnu/5/include-fixed"/>
					<Add directory="/usr/include/x86_64-linux-gnu"/>
					<Add directory="/usr/include"/>
				</Compiler>
				<MakeCommands>
					<Build command="/usr/bin/make -j5 -f &quot;/home/erik/Documents/ljus/Makefile&quot;  VERBOSE=1 pistache/fast"/>
					<CompileFile command="/usr/bin/make -j5 -f &quot;/home/erik/Documents/ljus/Makefile&quot;  VERBOSE=1 &quot;$file&quot;"/>
					<Clean command="/usr/bin/make -j5 -f &quot;/home/erik/Documents/ljus/Makefile&quot;  VERBOSE=1 clean"/>
					<DistClean command="/usr/bin/make -j5 -f &quot;/home/erik/Documents/ljus/Makefile&quot;  VERBOSE=1 clean"/>
				</MakeCommands>
			</Target>
		</Build>
		<Unit filename="/home/erik/Documents/ljus/config.cpp">
			<Option target="config"/>
		</Unit>
		<Unit filename="/home/erik/Documents/ljus/config.hpp">
			<Option target="config"/>
		</Unit>
		<Unit filename="/home/erik/Documents/ljus/external/argon2/include/argon2.h">
			<Option target="argon2"/>
		</Unit>
		<Unit filename="/home/erik/Documents/ljus/external/argon2/src/argon2.c">
			<Option target="argon2"/>
		</Unit>
		<Unit filename="/home/erik/Documents/ljus/external/argon2/src/bench.c">
			<Option target="argon2"/>
		</Unit>
		<Unit filename="/home/erik/Documents/ljus/external/argon2/src/blake2/blake2-impl.h">
			<Option target="argon2"/>
		</Unit>
		<Unit filename="/home/erik/Documents/ljus/external/argon2/src/blake2/blake2.h">
			<Option target="argon2"/>
		</Unit>
		<Unit filename="/home/erik/Documents/ljus/external/argon2/src/blake2/blake2b.c">
			<Option target="argon2"/>
		</Unit>
		<Unit filename="/home/erik/Documents/ljus/external/argon2/src/blake2/blamka-round-opt.h">
			<Option target="argon2"/>
		</Unit>
		<Unit filename="/home/erik/Documents/ljus/external/argon2/src/blake2/blamka-round-ref.h">
			<Option target="argon2"/>
		</Unit>
		<Unit filename="/home/erik/Documents/ljus/external/argon2/src/core.c">
			<Option target="argon2"/>
		</Unit>
		<Unit filename="/home/erik/Documents/ljus/external/argon2/src/core.h">
			<Option target="argon2"/>
		</Unit>
		<Unit filename="/home/erik/Documents/ljus/external/argon2/src/encoding.c">
			<Option target="argon2"/>
		</Unit>
		<Unit filename="/home/erik/Documents/ljus/external/argon2/src/encoding.h">
			<Option target="argon2"/>
		</Unit>
		<Unit filename="/home/erik/Documents/ljus/external/argon2/src/genkat.c">
			<Option target="argon2"/>
		</Unit>
		<Unit filename="/home/erik/Documents/ljus/external/argon2/src/genkat.h">
			<Option target="argon2"/>
		</Unit>
		<Unit filename="/home/erik/Documents/ljus/external/argon2/src/opt.c">
			<Option target="argon2"/>
		</Unit>
		<Unit filename="/home/erik/Documents/ljus/external/argon2/src/ref.c">
			<Option target="argon2"/>
		</Unit>
		<Unit filename="/home/erik/Documents/ljus/external/argon2/src/run.c">
			<Option target="argon2"/>
		</Unit>
		<Unit filename="/home/erik/Documents/ljus/external/argon2/src/test.c">
			<Option target="argon2"/>
		</Unit>
		<Unit filename="/home/erik/Documents/ljus/external/argon2/src/thread.c">
			<Option target="argon2"/>
		</Unit>
		<Unit filename="/home/erik/Documents/ljus/external/argon2/src/thread.h">
			<Option target="argon2"/>
		</Unit>
		<Unit filename="/home/erik/Documents/ljus/external/json/src/json.hpp">
			<Option target="config"/>
			<Option target="crypt"/>
			<Option target="app.out"/>
		</Unit>
		<Unit filename="/home/erik/Documents/ljus/external/pistache/src/client/client.cc">
			<Option target="pistache"/>
		</Unit>
		<Unit filename="/home/erik/Documents/ljus/external/pistache/src/common/cookie.cc">
			<Option target="pistache"/>
		</Unit>
		<Unit filename="/home/erik/Documents/ljus/external/pistache/src/common/description.cc">
			<Option target="pistache"/>
		</Unit>
		<Unit filename="/home/erik/Documents/ljus/external/pistache/src/common/http.cc">
			<Option target="pistache"/>
		</Unit>
		<Unit filename="/home/erik/Documents/ljus/external/pistache/src/common/http_defs.cc">
			<Option target="pistache"/>
		</Unit>
		<Unit filename="/home/erik/Documents/ljus/external/pistache/src/common/http_header.cc">
			<Option target="pistache"/>
		</Unit>
		<Unit filename="/home/erik/Documents/ljus/external/pistache/src/common/http_headers.cc">
			<Option target="pistache"/>
		</Unit>
		<Unit filename="/home/erik/Documents/ljus/external/pistache/src/common/mime.cc">
			<Option target="pistache"/>
		</Unit>
		<Unit filename="/home/erik/Documents/ljus/external/pistache/src/common/net.cc">
			<Option target="pistache"/>
		</Unit>
		<Unit filename="/home/erik/Documents/ljus/external/pistache/src/common/os.cc">
			<Option target="pistache"/>
		</Unit>
		<Unit filename="/home/erik/Documents/ljus/external/pistache/src/common/peer.cc">
			<Option target="pistache"/>
		</Unit>
		<Unit filename="/home/erik/Documents/ljus/external/pistache/src/common/reactor.cc">
			<Option target="pistache"/>
		</Unit>
		<Unit filename="/home/erik/Documents/ljus/external/pistache/src/common/stream.cc">
			<Option target="pistache"/>
		</Unit>
		<Unit filename="/home/erik/Documents/ljus/external/pistache/src/common/tcp.cc">
			<Option target="pistache"/>
		</Unit>
		<Unit filename="/home/erik/Documents/ljus/external/pistache/src/common/timer_pool.cc">
			<Option target="pistache"/>
		</Unit>
		<Unit filename="/home/erik/Documents/ljus/external/pistache/src/common/transport.cc">
			<Option target="pistache"/>
		</Unit>
		<Unit filename="/home/erik/Documents/ljus/external/pistache/src/server/endpoint.cc">
			<Option target="pistache"/>
		</Unit>
		<Unit filename="/home/erik/Documents/ljus/external/pistache/src/server/listener.cc">
			<Option target="pistache"/>
		</Unit>
		<Unit filename="/home/erik/Documents/ljus/external/pistache/src/server/router.cc">
			<Option target="pistache"/>
		</Unit>
		<Unit filename="/home/erik/Documents/ljus/ljus.cpp">
			<Option target="app.out"/>
		</Unit>
		<Unit filename="/home/erik/Documents/ljus/ljus.h">
			<Option target="app.out"/>
		</Unit>
		<Unit filename="/home/erik/Documents/ljus/ljus/cache/Cache.cpp">
			<Option target="tests.out"/>
			<Option target="app.out"/>
		</Unit>
		<Unit filename="/home/erik/Documents/ljus/ljus/cache/Cache.h">
			<Option target="tests.out"/>
			<Option target="app.out"/>
		</Unit>
		<Unit filename="/home/erik/Documents/ljus/ljus/cache/drivers/FileStore.cpp">
			<Option target="tests.out"/>
		</Unit>
		<Unit filename="/home/erik/Documents/ljus/ljus/cache/drivers/FileStore.h">
			<Option target="tests.out"/>
		</Unit>
		<Unit filename="/home/erik/Documents/ljus/ljus/encryption/Crypt.cpp">
			<Option target="crypt"/>
		</Unit>
		<Unit filename="/home/erik/Documents/ljus/ljus/encryption/Crypt.h">
			<Option target="crypt"/>
		</Unit>
		<Unit filename="/home/erik/Documents/ljus/ljus/encryption/base64.cpp">
			<Option target="b64"/>
			<Option target="crypt"/>
		</Unit>
		<Unit filename="/home/erik/Documents/ljus/ljus/encryption/base64.h">
			<Option target="b64"/>
			<Option target="crypt"/>
		</Unit>
		<Unit filename="/home/erik/Documents/ljus/ljus/files/Filesystem.cpp">
			<Option target="files"/>
		</Unit>
		<Unit filename="/home/erik/Documents/ljus/ljus/files/Filesystem.h">
			<Option target="files"/>
		</Unit>
		<Unit filename="/home/erik/Documents/ljus/ljus/hash/Hash.cpp">
			<Option target="hash"/>
		</Unit>
		<Unit filename="/home/erik/Documents/ljus/ljus/hash/Hash.h">
			<Option target="hash"/>
		</Unit>
		<Unit filename="/home/erik/Documents/ljus/ljus/http/LjusEndpoint.cpp">
			<Option target="http"/>
		</Unit>
		<Unit filename="/home/erik/Documents/ljus/ljus/http/LjusEndpoint.h">
			<Option target="http"/>
		</Unit>
		<Unit filename="/home/erik/Documents/ljus/ljus/http/LjusHandler.cpp">
			<Option target="http"/>
		</Unit>
		<Unit filename="/home/erik/Documents/ljus/ljus/http/LjusHandler.h">
			<Option target="http"/>
		</Unit>
		<Unit filename="/home/erik/Documents/ljus/other/fuzz_hash.cpp">
			<Option target="fuzzhash"/>
		</Unit>
		<Unit filename="/home/erik/Documents/ljus/other/fuzz_hash.h">
			<Option target="fuzzhash"/>
		</Unit>
		<Unit filename="/home/erik/Documents/ljus/other/sodium_fuzz.cpp">
			<Option target="sodiumfuzz"/>
		</Unit>
		<Unit filename="/home/erik/Documents/ljus/other/sodium_fuzz.h">
			<Option target="sodiumfuzz"/>
		</Unit>
		<Unit filename="/home/erik/Documents/ljus/tests/test.cpp">
			<Option target="tests.out"/>
		</Unit>
		<Unit filename="/home/erik/Documents/ljus/tests/test.h">
			<Option target="tests.out"/>
		</Unit>
		<Unit filename="/home/erik/Documents/ljus/CMakeLists.txt">
			<Option virtualFolder="CMake Files\"/>
		</Unit>
	</Project>
</CodeBlocks_project_file>
